
Microsoft Visual Studio Solution File, Format Version 12.00
# Visual Studio 2013
VisualStudioVersion = 12.0.31101.0
MinimumVisualStudioVersion = 10.0.40219.1
Project("{FAE04EC0-301F-11D3-BF4B-00C04F79EFBC}") = "ConsoleClient", "ConsoleClient\ConsoleClient.csproj", "{438DDF05-16E7-4335-B9EC-52C4C4E65C04}"
EndProject
Project("{FAE04EC0-301F-11D3-BF4B-00C04F79EFBC}") = "GuiServer", "GuiServer\GuiServer.csproj", "{F2E4A21A-C0EF-4BED-B810-7B04A5702763}"
EndProject
Project("{FAE04EC0-301F-11D3-BF4B-00C04F79EFBC}") = "NetworkObjects", "NetworkObjects\NetworkObjects.csproj", "{1AF0874E-F3A9-4382-919B-5D5878C1115C}"
EndProject
Project("{FAE04EC0-301F-11D3-BF4B-00C04F79EFBC}") = "MarrySocket", "MarrySocket\MarrySocket.csproj", "{8BE22FD5-6D33-4A1F-A308-99BE60D05FF9}"
EndProject
Global
	GlobalSection(SolutionConfigurationPlatforms) = preSolution
		CoreOnly|Any CPU = CoreOnly|Any CPU
		CoreOnly|Mixed Platforms = CoreOnly|Mixed Platforms
		CoreOnly|Win32 = CoreOnly|Win32
		CoreOnly|x64 = CoreOnly|x64
		CoreOnly|x86 = CoreOnly|x86
		Debug|Any CPU = Debug|Any CPU
		Debug|Mixed Platforms = Debug|Mixed Platforms
		Debug|Win32 = Debug|Win32
		Debug|x64 = Debug|x64
		Debug|x86 = Debug|x86
		iOS|Any CPU = iOS|Any CPU
		iOS|Mixed Platforms = iOS|Mixed Platforms
		iOS|Win32 = iOS|Win32
		iOS|x64 = iOS|x64
		iOS|x86 = iOS|x86
		Net20|Any CPU = Net20|Any CPU
		Net20|Mixed Platforms = Net20|Mixed Platforms
		Net20|Win32 = Net20|Win32
		Net20|x64 = Net20|x64
		Net20|x86 = Net20|x86
		Profile|Any CPU = Profile|Any CPU
		Profile|Mixed Platforms = Profile|Mixed Platforms
		Profile|Win32 = Profile|Win32
		Profile|x64 = Profile|x64
		Profile|x86 = Profile|x86
		Release|Any CPU = Release|Any CPU
		Release|Mixed Platforms = Release|Mixed Platforms
		Release|Win32 = Release|Win32
		Release|x64 = Release|x64
		Release|x86 = Release|x86
		Silverlight2|Any CPU = Silverlight2|Any CPU
		Silverlight2|Mixed Platforms = Silverlight2|Mixed Platforms
		Silverlight2|Win32 = Silverlight2|Win32
		Silverlight2|x64 = Silverlight2|x64
		Silverlight2|x86 = Silverlight2|x86
		Unity|Any CPU = Unity|Any CPU
		Unity|Mixed Platforms = Unity|Mixed Platforms
		Unity|Win32 = Unity|Win32
		Unity|x64 = Unity|x64
		Unity|x86 = Unity|x86
	EndGlobalSection
	GlobalSection(ProjectConfigurationPlatforms) = postSolution
		{438DDF05-16E7-4335-B9EC-52C4C4E65C04}.CoreOnly|Any CPU.ActiveCfg = Release|Any CPU
		{438DDF05-16E7-4335-B9EC-52C4C4E65C04}.CoreOnly|Any CPU.Build.0 = Release|Any CPU
		{438DDF05-16E7-4335-B9EC-52C4C4E65C04}.CoreOnly|Mixed Platforms.ActiveCfg = Release|Any CPU
		{438DDF05-16E7-4335-B9EC-52C4C4E65C04}.CoreOnly|Mixed Platforms.Build.0 = Release|Any CPU
		{438DDF05-16E7-4335-B9EC-52C4C4E65C04}.CoreOnly|Win32.ActiveCfg = Release|Any CPU
		{438DDF05-16E7-4335-B9EC-52C4C4E65C04}.CoreOnly|x64.ActiveCfg = Release|Any CPU
		{438DDF05-16E7-4335-B9EC-52C4C4E65C04}.CoreOnly|x86.ActiveCfg = Release|Any CPU
		{438DDF05-16E7-4335-B9EC-52C4C4E65C04}.Debug|Any CPU.ActiveCfg = Debug|Any CPU
		{438DDF05-16E7-4335-B9EC-52C4C4E65C04}.Debug|Any CPU.Build.0 = Debug|Any CPU
		{438DDF05-16E7-4335-B9EC-52C4C4E65C04}.Debug|Mixed Platforms.ActiveCfg = Debug|Any CPU
		{438DDF05-16E7-4335-B9EC-52C4C4E65C04}.Debug|Mixed Platforms.Build.0 = Debug|Any CPU
		{438DDF05-16E7-4335-B9EC-52C4C4E65C04}.Debug|Win32.ActiveCfg = Debug|Any CPU
		{438DDF05-16E7-4335-B9EC-52C4C4E65C04}.Debug|x64.ActiveCfg = Debug|Any CPU
		{438DDF05-16E7-4335-B9EC-52C4C4E65C04}.Debug|x86.ActiveCfg = Debug|Any CPU
		{438DDF05-16E7-4335-B9EC-52C4C4E65C04}.iOS|Any CPU.ActiveCfg = Release|Any CPU
		{438DDF05-16E7-4335-B9EC-52C4C4E65C04}.iOS|Any CPU.Build.0 = Release|Any CPU
		{438DDF05-16E7-4335-B9EC-52C4C4E65C04}.iOS|Mixed Platforms.ActiveCfg = Release|Any CPU
		{438DDF05-16E7-4335-B9EC-52C4C4E65C04}.iOS|Mixed Platforms.Build.0 = Release|Any CPU
		{438DDF05-16E7-4335-B9EC-52C4C4E65C04}.iOS|Win32.ActiveCfg = Release|Any CPU
		{438DDF05-16E7-4335-B9EC-52C4C4E65C04}.iOS|x64.ActiveCfg = Release|Any CPU
		{438DDF05-16E7-4335-B9EC-52C4C4E65C04}.iOS|x86.ActiveCfg = Release|Any CPU
		{438DDF05-16E7-4335-B9EC-52C4C4E65C04}.Net20|Any CPU.ActiveCfg = Release|Any CPU
		{438DDF05-16E7-4335-B9EC-52C4C4E65C04}.Net20|Any CPU.Build.0 = Release|Any CPU
		{438DDF05-16E7-4335-B9EC-52C4C4E65C04}.Net20|Mixed Platforms.ActiveCfg = Release|Any CPU
		{438DDF05-16E7-4335-B9EC-52C4C4E65C04}.Net20|Mixed Platforms.Build.0 = Release|Any CPU
		{438DDF05-16E7-4335-B9EC-52C4C4E65C04}.Net20|Win32.ActiveCfg = Release|Any CPU
		{438DDF05-16E7-4335-B9EC-52C4C4E65C04}.Net20|x64.ActiveCfg = Release|Any CPU
		{438DDF05-16E7-4335-B9EC-52C4C4E65C04}.Net20|x86.ActiveCfg = Release|Any CPU
		{438DDF05-16E7-4335-B9EC-52C4C4E65C04}.Profile|Any CPU.ActiveCfg = Release|Any CPU
		{438DDF05-16E7-4335-B9EC-52C4C4E65C04}.Profile|Any CPU.Build.0 = Release|Any CPU
		{438DDF05-16E7-4335-B9EC-52C4C4E65C04}.Profile|Mixed Platforms.ActiveCfg = Release|Any CPU
		{438DDF05-16E7-4335-B9EC-52C4C4E65C04}.Profile|Mixed Platforms.Build.0 = Release|Any CPU
		{438DDF05-16E7-4335-B9EC-52C4C4E65C04}.Profile|Win32.ActiveCfg = Release|Any CPU
		{438DDF05-16E7-4335-B9EC-52C4C4E65C04}.Profile|x64.ActiveCfg = Release|Any CPU
		{438DDF05-16E7-4335-B9EC-52C4C4E65C04}.Profile|x86.ActiveCfg = Release|Any CPU
		{438DDF05-16E7-4335-B9EC-52C4C4E65C04}.Release|Any CPU.ActiveCfg = Release|Any CPU
		{438DDF05-16E7-4335-B9EC-52C4C4E65C04}.Release|Any CPU.Build.0 = Release|Any CPU
		{438DDF05-16E7-4335-B9EC-52C4C4E65C04}.Release|Mixed Platforms.ActiveCfg = Release|Any CPU
		{438DDF05-16E7-4335-B9EC-52C4C4E65C04}.Release|Mixed Platforms.Build.0 = Release|Any CPU
		{438DDF05-16E7-4335-B9EC-52C4C4E65C04}.Release|Win32.ActiveCfg = Release|Any CPU
		{438DDF05-16E7-4335-B9EC-52C4C4E65C04}.Release|x64.ActiveCfg = Release|Any CPU
		{438DDF05-16E7-4335-B9EC-52C4C4E65C04}.Release|x86.ActiveCfg = Release|Any CPU
		{438DDF05-16E7-4335-B9EC-52C4C4E65C04}.Silverlight2|Any CPU.ActiveCfg = Release|Any CPU
		{438DDF05-16E7-4335-B9EC-52C4C4E65C04}.Silverlight2|Any CPU.Build.0 = Release|Any CPU
		{438DDF05-16E7-4335-B9EC-52C4C4E65C04}.Silverlight2|Mixed Platforms.ActiveCfg = Release|Any CPU
		{438DDF05-16E7-4335-B9EC-52C4C4E65C04}.Silverlight2|Mixed Platforms.Build.0 = Release|Any CPU
		{438DDF05-16E7-4335-B9EC-52C4C4E65C04}.Silverlight2|Win32.ActiveCfg = Release|Any CPU
		{438DDF05-16E7-4335-B9EC-52C4C4E65C04}.Silverlight2|x64.ActiveCfg = Release|Any CPU
		{438DDF05-16E7-4335-B9EC-52C4C4E65C04}.Silverlight2|x86.ActiveCfg = Release|Any CPU
		{438DDF05-16E7-4335-B9EC-52C4C4E65C04}.Unity|Any CPU.ActiveCfg = Release|Any CPU
		{438DDF05-16E7-4335-B9EC-52C4C4E65C04}.Unity|Any CPU.Build.0 = Release|Any CPU
		{438DDF05-16E7-4335-B9EC-52C4C4E65C04}.Unity|Mixed Platforms.ActiveCfg = Release|Any CPU
		{438DDF05-16E7-4335-B9EC-52C4C4E65C04}.Unity|Mixed Platforms.Build.0 = Release|Any CPU
		{438DDF05-16E7-4335-B9EC-52C4C4E65C04}.Unity|Win32.ActiveCfg = Release|Any CPU
		{438DDF05-16E7-4335-B9EC-52C4C4E65C04}.Unity|x64.ActiveCfg = Release|Any CPU
		{438DDF05-16E7-4335-B9EC-52C4C4E65C04}.Unity|x86.ActiveCfg = Release|Any CPU
		{F2E4A21A-C0EF-4BED-B810-7B04A5702763}.CoreOnly|Any CPU.ActiveCfg = Release|Any CPU
		{F2E4A21A-C0EF-4BED-B810-7B04A5702763}.CoreOnly|Any CPU.Build.0 = Release|Any CPU
		{F2E4A21A-C0EF-4BED-B810-7B04A5702763}.CoreOnly|Mixed Platforms.ActiveCfg = Release|Any CPU
		{F2E4A21A-C0EF-4BED-B810-7B04A5702763}.CoreOnly|Mixed Platforms.Build.0 = Release|Any CPU
		{F2E4A21A-C0EF-4BED-B810-7B04A5702763}.CoreOnly|Win32.ActiveCfg = Release|Any CPU
		{F2E4A21A-C0EF-4BED-B810-7B04A5702763}.CoreOnly|x64.ActiveCfg = Release|Any CPU
		{F2E4A21A-C0EF-4BED-B810-7B04A5702763}.CoreOnly|x86.ActiveCfg = Release|Any CPU
		{F2E4A21A-C0EF-4BED-B810-7B04A5702763}.Debug|Any CPU.ActiveCfg = Debug|Any CPU
		{F2E4A21A-C0EF-4BED-B810-7B04A5702763}.Debug|Any CPU.Build.0 = Debug|Any CPU
		{F2E4A21A-C0EF-4BED-B810-7B04A5702763}.Debug|Mixed Platforms.ActiveCfg = Debug|Any CPU
		{F2E4A21A-C0EF-4BED-B810-7B04A5702763}.Debug|Mixed Platforms.Build.0 = Debug|Any CPU
		{F2E4A21A-C0EF-4BED-B810-7B04A5702763}.Debug|Win32.ActiveCfg = Debug|Any CPU
		{F2E4A21A-C0EF-4BED-B810-7B04A5702763}.Debug|x64.ActiveCfg = Debug|Any CPU
		{F2E4A21A-C0EF-4BED-B810-7B04A5702763}.Debug|x86.ActiveCfg = Debug|Any CPU
		{F2E4A21A-C0EF-4BED-B810-7B04A5702763}.iOS|Any CPU.ActiveCfg = Release|Any CPU
		{F2E4A21A-C0EF-4BED-B810-7B04A5702763}.iOS|Any CPU.Build.0 = Release|Any CPU
		{F2E4A21A-C0EF-4BED-B810-7B04A5702763}.iOS|Mixed Platforms.ActiveCfg = Release|Any CPU
		{F2E4A21A-C0EF-4BED-B810-7B04A5702763}.iOS|Mixed Platforms.Build.0 = Release|Any CPU
		{F2E4A21A-C0EF-4BED-B810-7B04A5702763}.iOS|Win32.ActiveCfg = Release|Any CPU
		{F2E4A21A-C0EF-4BED-B810-7B04A5702763}.iOS|x64.ActiveCfg = Release|Any CPU
		{F2E4A21A-C0EF-4BED-B810-7B04A5702763}.iOS|x86.ActiveCfg = Release|Any CPU
		{F2E4A21A-C0EF-4BED-B810-7B04A5702763}.Net20|Any CPU.ActiveCfg = Release|Any CPU
		{F2E4A21A-C0EF-4BED-B810-7B04A5702763}.Net20|Any CPU.Build.0 = Release|Any CPU
		{F2E4A21A-C0EF-4BED-B810-7B04A5702763}.Net20|Mixed Platforms.ActiveCfg = Release|Any CPU
		{F2E4A21A-C0EF-4BED-B810-7B04A5702763}.Net20|Mixed Platforms.Build.0 = Release|Any CPU
		{F2E4A21A-C0EF-4BED-B810-7B04A5702763}.Net20|Win32.ActiveCfg = Release|Any CPU
		{F2E4A21A-C0EF-4BED-B810-7B04A5702763}.Net20|x64.ActiveCfg = Release|Any CPU
		{F2E4A21A-C0EF-4BED-B810-7B04A5702763}.Net20|x86.ActiveCfg = Release|Any CPU
		{F2E4A21A-C0EF-4BED-B810-7B04A5702763}.Profile|Any CPU.ActiveCfg = Release|Any CPU
		{F2E4A21A-C0EF-4BED-B810-7B04A5702763}.Profile|Any CPU.Build.0 = Release|Any CPU
		{F2E4A21A-C0EF-4BED-B810-7B04A5702763}.Profile|Mixed Platforms.ActiveCfg = Release|Any CPU
		{F2E4A21A-C0EF-4BED-B810-7B04A5702763}.Profile|Mixed Platforms.Build.0 = Release|Any CPU
		{F2E4A21A-C0EF-4BED-B810-7B04A5702763}.Profile|Win32.ActiveCfg = Release|Any CPU
		{F2E4A21A-C0EF-4BED-B810-7B04A5702763}.Profile|x64.ActiveCfg = Release|Any CPU
		{F2E4A21A-C0EF-4BED-B810-7B04A5702763}.Profile|x86.ActiveCfg = Release|Any CPU
		{F2E4A21A-C0EF-4BED-B810-7B04A5702763}.Release|Any CPU.ActiveCfg = Release|Any CPU
		{F2E4A21A-C0EF-4BED-B810-7B04A5702763}.Release|Any CPU.Build.0 = Release|Any CPU
		{F2E4A21A-C0EF-4BED-B810-7B04A5702763}.Release|Mixed Platforms.ActiveCfg = Release|Any CPU
		{F2E4A21A-C0EF-4BED-B810-7B04A5702763}.Release|Mixed Platforms.Build.0 = Release|Any CPU
		{F2E4A21A-C0EF-4BED-B810-7B04A5702763}.Release|Win32.ActiveCfg = Release|Any CPU
		{F2E4A21A-C0EF-4BED-B810-7B04A5702763}.Release|x64.ActiveCfg = Release|Any CPU
		{F2E4A21A-C0EF-4BED-B810-7B04A5702763}.Release|x86.ActiveCfg = Release|Any CPU
		{F2E4A21A-C0EF-4BED-B810-7B04A5702763}.Silverlight2|Any CPU.ActiveCfg = Release|Any CPU
		{F2E4A21A-C0EF-4BED-B810-7B04A5702763}.Silverlight2|Any CPU.Build.0 = Release|Any CPU
		{F2E4A21A-C0EF-4BED-B810-7B04A5702763}.Silverlight2|Mixed Platforms.ActiveCfg = Release|Any CPU
		{F2E4A21A-C0EF-4BED-B810-7B04A5702763}.Silverlight2|Mixed Platforms.Build.0 = Release|Any CPU
		{F2E4A21A-C0EF-4BED-B810-7B04A5702763}.Silverlight2|Win32.ActiveCfg = Release|Any CPU
		{F2E4A21A-C0EF-4BED-B810-7B04A5702763}.Silverlight2|x64.ActiveCfg = Release|Any CPU
		{F2E4A21A-C0EF-4BED-B810-7B04A5702763}.Silverlight2|x86.ActiveCfg = Release|Any CPU
		{F2E4A21A-C0EF-4BED-B810-7B04A5702763}.Unity|Any CPU.ActiveCfg = Release|Any CPU
		{F2E4A21A-C0EF-4BED-B810-7B04A5702763}.Unity|Any CPU.Build.0 = Release|Any CPU
		{F2E4A21A-C0EF-4BED-B810-7B04A5702763}.Unity|Mixed Platforms.ActiveCfg = Release|Any CPU
		{F2E4A21A-C0EF-4BED-B810-7B04A5702763}.Unity|Mixed Platforms.Build.0 = Release|Any CPU
		{F2E4A21A-C0EF-4BED-B810-7B04A5702763}.Unity|Win32.ActiveCfg = Release|Any CPU
		{F2E4A21A-C0EF-4BED-B810-7B04A5702763}.Unity|x64.ActiveCfg = Release|Any CPU
		{F2E4A21A-C0EF-4BED-B810-7B04A5702763}.Unity|x86.ActiveCfg = Release|Any CPU
		{1AF0874E-F3A9-4382-919B-5D5878C1115C}.CoreOnly|Any CPU.ActiveCfg = Release|Any CPU
		{1AF0874E-F3A9-4382-919B-5D5878C1115C}.CoreOnly|Any CPU.Build.0 = Release|Any CPU
		{1AF0874E-F3A9-4382-919B-5D5878C1115C}.CoreOnly|Mixed Platforms.ActiveCfg = Release|Any CPU
		{1AF0874E-F3A9-4382-919B-5D5878C1115C}.CoreOnly|Mixed Platforms.Build.0 = Release|Any CPU
		{1AF0874E-F3A9-4382-919B-5D5878C1115C}.CoreOnly|Win32.ActiveCfg = Release|Any CPU
		{1AF0874E-F3A9-4382-919B-5D5878C1115C}.CoreOnly|x64.ActiveCfg = Release|Any CPU
		{1AF0874E-F3A9-4382-919B-5D5878C1115C}.CoreOnly|x86.ActiveCfg = Release|Any CPU
		{1AF0874E-F3A9-4382-919B-5D5878C1115C}.Debug|Any CPU.ActiveCfg = Debug|Any CPU
		{1AF0874E-F3A9-4382-919B-5D5878C1115C}.Debug|Any CPU.Build.0 = Debug|Any CPU
		{1AF0874E-F3A9-4382-919B-5D5878C1115C}.Debug|Mixed Platforms.ActiveCfg = Debug|Any CPU
		{1AF0874E-F3A9-4382-919B-5D5878C1115C}.Debug|Mixed Platforms.Build.0 = Debug|Any CPU
		{1AF0874E-F3A9-4382-919B-5D5878C1115C}.Debug|Win32.ActiveCfg = Debug|Any CPU
		{1AF0874E-F3A9-4382-919B-5D5878C1115C}.Debug|x64.ActiveCfg = Debug|Any CPU
		{1AF0874E-F3A9-4382-919B-5D5878C1115C}.Debug|x86.ActiveCfg = Debug|Any CPU
		{1AF0874E-F3A9-4382-919B-5D5878C1115C}.iOS|Any CPU.ActiveCfg = Release|Any CPU
		{1AF0874E-F3A9-4382-919B-5D5878C1115C}.iOS|Any CPU.Build.0 = Release|Any CPU
		{1AF0874E-F3A9-4382-919B-5D5878C1115C}.iOS|Mixed Platforms.ActiveCfg = Release|Any CPU
		{1AF0874E-F3A9-4382-919B-5D5878C1115C}.iOS|Mixed Platforms.Build.0 = Release|Any CPU
		{1AF0874E-F3A9-4382-919B-5D5878C1115C}.iOS|Win32.ActiveCfg = Release|Any CPU
		{1AF0874E-F3A9-4382-919B-5D5878C1115C}.iOS|x64.ActiveCfg = Release|Any CPU
		{1AF0874E-F3A9-4382-919B-5D5878C1115C}.iOS|x86.ActiveCfg = Release|Any CPU
		{1AF0874E-F3A9-4382-919B-5D5878C1115C}.Net20|Any CPU.ActiveCfg = Release|Any CPU
		{1AF0874E-F3A9-4382-919B-5D5878C1115C}.Net20|Any CPU.Build.0 = Release|Any CPU
		{1AF0874E-F3A9-4382-919B-5D5878C1115C}.Net20|Mixed Platforms.ActiveCfg = Release|Any CPU
		{1AF0874E-F3A9-4382-919B-5D5878C1115C}.Net20|Mixed Platforms.Build.0 = Release|Any CPU
		{1AF0874E-F3A9-4382-919B-5D5878C1115C}.Net20|Win32.ActiveCfg = Release|Any CPU
		{1AF0874E-F3A9-4382-919B-5D5878C1115C}.Net20|x64.ActiveCfg = Release|Any CPU
		{1AF0874E-F3A9-4382-919B-5D5878C1115C}.Net20|x86.ActiveCfg = Release|Any CPU
		{1AF0874E-F3A9-4382-919B-5D5878C1115C}.Profile|Any CPU.ActiveCfg = Release|Any CPU
		{1AF0874E-F3A9-4382-919B-5D5878C1115C}.Profile|Any CPU.Build.0 = Release|Any CPU
		{1AF0874E-F3A9-4382-919B-5D5878C1115C}.Profile|Mixed Platforms.ActiveCfg = Release|Any CPU
		{1AF0874E-F3A9-4382-919B-5D5878C1115C}.Profile|Mixed Platforms.Build.0 = Release|Any CPU
		{1AF0874E-F3A9-4382-919B-5D5878C1115C}.Profile|Win32.ActiveCfg = Release|Any CPU
		{1AF0874E-F3A9-4382-919B-5D5878C1115C}.Profile|x64.ActiveCfg = Release|Any CPU
		{1AF0874E-F3A9-4382-919B-5D5878C1115C}.Profile|x86.ActiveCfg = Release|Any CPU
		{1AF0874E-F3A9-4382-919B-5D5878C1115C}.Release|Any CPU.ActiveCfg = Release|Any CPU
		{1AF0874E-F3A9-4382-919B-5D5878C1115C}.Release|Any CPU.Build.0 = Release|Any CPU
		{1AF0874E-F3A9-4382-919B-5D5878C1115C}.Release|Mixed Platforms.ActiveCfg = Release|Any CPU
		{1AF0874E-F3A9-4382-919B-5D5878C1115C}.Release|Mixed Platforms.Build.0 = Release|Any CPU
		{1AF0874E-F3A9-4382-919B-5D5878C1115C}.Release|Win32.ActiveCfg = Release|Any CPU
		{1AF0874E-F3A9-4382-919B-5D5878C1115C}.Release|x64.ActiveCfg = Release|Any CPU
		{1AF0874E-F3A9-4382-919B-5D5878C1115C}.Release|x86.ActiveCfg = Release|Any CPU
		{1AF0874E-F3A9-4382-919B-5D5878C1115C}.Silverlight2|Any CPU.ActiveCfg = Release|Any CPU
		{1AF0874E-F3A9-4382-919B-5D5878C1115C}.Silverlight2|Any CPU.Build.0 = Release|Any CPU
		{1AF0874E-F3A9-4382-919B-5D5878C1115C}.Silverlight2|Mixed Platforms.ActiveCfg = Release|Any CPU
		{1AF0874E-F3A9-4382-919B-5D5878C1115C}.Silverlight2|Mixed Platforms.Build.0 = Release|Any CPU
		{1AF0874E-F3A9-4382-919B-5D5878C1115C}.Silverlight2|Win32.ActiveCfg = Release|Any CPU
		{1AF0874E-F3A9-4382-919B-5D5878C1115C}.Silverlight2|x64.ActiveCfg = Release|Any CPU
		{1AF0874E-F3A9-4382-919B-5D5878C1115C}.Silverlight2|x86.ActiveCfg = Release|Any CPU
		{1AF0874E-F3A9-4382-919B-5D5878C1115C}.Unity|Any CPU.ActiveCfg = Release|Any CPU
		{1AF0874E-F3A9-4382-919B-5D5878C1115C}.Unity|Any CPU.Build.0 = Release|Any CPU
		{1AF0874E-F3A9-4382-919B-5D5878C1115C}.Unity|Mixed Platforms.ActiveCfg = Release|Any CPU
		{1AF0874E-F3A9-4382-919B-5D5878C1115C}.Unity|Mixed Platforms.Build.0 = Release|Any CPU
		{1AF0874E-F3A9-4382-919B-5D5878C1115C}.Unity|Win32.ActiveCfg = Release|Any CPU
		{1AF0874E-F3A9-4382-919B-5D5878C1115C}.Unity|x64.ActiveCfg = Release|Any CPU
		{1AF0874E-F3A9-4382-919B-5D5878C1115C}.Unity|x86.ActiveCfg = Release|Any CPU
		{8BE22FD5-6D33-4A1F-A308-99BE60D05FF9}.CoreOnly|Any CPU.ActiveCfg = Release|Any CPU
		{8BE22FD5-6D33-4A1F-A308-99BE60D05FF9}.CoreOnly|Any CPU.Build.0 = Release|Any CPU
		{8BE22FD5-6D33-4A1F-A308-99BE60D05FF9}.CoreOnly|Mixed Platforms.ActiveCfg = Release|Any CPU
		{8BE22FD5-6D33-4A1F-A308-99BE60D05FF9}.CoreOnly|Mixed Platforms.Build.0 = Release|Any CPU
		{8BE22FD5-6D33-4A1F-A308-99BE60D05FF9}.CoreOnly|Win32.ActiveCfg = Release|Any CPU
		{8BE22FD5-6D33-4A1F-A308-99BE60D05FF9}.CoreOnly|x64.ActiveCfg = Release|Any CPU
		{8BE22FD5-6D33-4A1F-A308-99BE60D05FF9}.CoreOnly|x86.ActiveCfg = Release|Any CPU
		{8BE22FD5-6D33-4A1F-A308-99BE60D05FF9}.Debug|Any CPU.ActiveCfg = Debug|Any CPU
		{8BE22FD5-6D33-4A1F-A308-99BE60D05FF9}.Debug|Any CPU.Build.0 = Debug|Any CPU
		{8BE22FD5-6D33-4A1F-A308-99BE60D05FF9}.Debug|Mixed Platforms.ActiveCfg = Debug|Any CPU
		{8BE22FD5-6D33-4A1F-A308-99BE60D05FF9}.Debug|Mixed Platforms.Build.0 = Debug|Any CPU
		{8BE22FD5-6D33-4A1F-A308-99BE60D05FF9}.Debug|Win32.ActiveCfg = Debug|Any CPU
		{8BE22FD5-6D33-4A1F-A308-99BE60D05FF9}.Debug|x64.ActiveCfg = Debug|Any CPU
		{8BE22FD5-6D33-4A1F-A308-99BE60D05FF9}.Debug|x86.ActiveCfg = Debug|Any CPU
		{8BE22FD5-6D33-4A1F-A308-99BE60D05FF9}.iOS|Any CPU.ActiveCfg = Release|Any CPU
		{8BE22FD5-6D33-4A1F-A308-99BE60D05FF9}.iOS|Any CPU.Build.0 = Release|Any CPU
		{8BE22FD5-6D33-4A1F-A308-99BE60D05FF9}.iOS|Mixed Platforms.ActiveCfg = Release|Any CPU
		{8BE22FD5-6D33-4A1F-A308-99BE60D05FF9}.iOS|Mixed Platforms.Build.0 = Release|Any CPU
		{8BE22FD5-6D33-4A1F-A308-99BE60D05FF9}.iOS|Win32.ActiveCfg = Release|Any CPU
		{8BE22FD5-6D33-4A1F-A308-99BE60D05FF9}.iOS|x64.ActiveCfg = Release|Any CPU
		{8BE22FD5-6D33-4A1F-A308-99BE60D05FF9}.iOS|x86.ActiveCfg = Release|Any CPU
		{8BE22FD5-6D33-4A1F-A308-99BE60D05FF9}.Net20|Any CPU.ActiveCfg = Release|Any CPU
		{8BE22FD5-6D33-4A1F-A308-99BE60D05FF9}.Net20|Any CPU.Build.0 = Release|Any CPU
		{8BE22FD5-6D33-4A1F-A308-99BE60D05FF9}.Net20|Mixed Platforms.ActiveCfg = Release|Any CPU
		{8BE22FD5-6D33-4A1F-A308-99BE60D05FF9}.Net20|Mixed Platforms.Build.0 = Release|Any CPU
		{8BE22FD5-6D33-4A1F-A308-99BE60D05FF9}.Net20|Win32.ActiveCfg = Release|Any CPU
		{8BE22FD5-6D33-4A1F-A308-99BE60D05FF9}.Net20|x64.ActiveCfg = Release|Any CPU
		{8BE22FD5-6D33-4A1F-A308-99BE60D05FF9}.Net20|x86.ActiveCfg = Release|Any CPU
		{8BE22FD5-6D33-4A1F-A308-99BE60D05FF9}.Profile|Any CPU.ActiveCfg = Release|Any CPU
		{8BE22FD5-6D33-4A1F-A308-99BE60D05FF9}.Profile|Any CPU.Build.0 = Release|Any CPU
		{8BE22FD5-6D33-4A1F-A308-99BE60D05FF9}.Profile|Mixed Platforms.ActiveCfg = Release|Any CPU
		{8BE22FD5-6D33-4A1F-A308-99BE60D05FF9}.Profile|Mixed Platforms.Build.0 = Release|Any CPU
		{8BE22FD5-6D33-4A1F-A308-99BE60D05FF9}.Profile|Win32.ActiveCfg = Release|Any CPU
		{8BE22FD5-6D33-4A1F-A308-99BE60D05FF9}.Profile|x64.ActiveCfg = Release|Any CPU
		{8BE22FD5-6D33-4A1F-A308-99BE60D05FF9}.Profile|x86.ActiveCfg = Release|Any CPU
		{8BE22FD5-6D33-4A1F-A308-99BE60D05FF9}.Release|Any CPU.ActiveCfg = Release|Any CPU
		{8BE22FD5-6D33-4A1F-A308-99BE60D05FF9}.Release|Any CPU.Build.0 = Release|Any CPU
		{8BE22FD5-6D33-4A1F-A308-99BE60D05FF9}.Release|Mixed Platforms.ActiveCfg = Release|Any CPU
		{8BE22FD5-6D33-4A1F-A308-99BE60D05FF9}.Release|Mixed Platforms.Build.0 = Release|Any CPU
		{8BE22FD5-6D33-4A1F-A308-99BE60D05FF9}.Release|Win32.ActiveCfg = Release|Any CPU
		{8BE22FD5-6D33-4A1F-A308-99BE60D05FF9}.Release|x64.ActiveCfg = Release|Any CPU
		{8BE22FD5-6D33-4A1F-A308-99BE60D05FF9}.Release|x86.ActiveCfg = Release|Any CPU
		{8BE22FD5-6D33-4A1F-A308-99BE60D05FF9}.Silverlight2|Any CPU.ActiveCfg = Release|Any CPU
		{8BE22FD5-6D33-4A1F-A308-99BE60D05FF9}.Silverlight2|Any CPU.Build.0 = Release|Any CPU
		{8BE22FD5-6D33-4A1F-A308-99BE60D05FF9}.Silverlight2|Mixed Platforms.ActiveCfg = Release|Any CPU
		{8BE22FD5-6D33-4A1F-A308-99BE60D05FF9}.Silverlight2|Mixed Platforms.Build.0 = Release|Any CPU
		{8BE22FD5-6D33-4A1F-A308-99BE60D05FF9}.Silverlight2|Win32.ActiveCfg = Release|Any CPU
		{8BE22FD5-6D33-4A1F-A308-99BE60D05FF9}.Silverlight2|x64.ActiveCfg = Release|Any CPU
		{8BE22FD5-6D33-4A1F-A308-99BE60D05FF9}.Silverlight2|x86.ActiveCfg = Release|Any CPU
		{8BE22FD5-6D33-4A1F-A308-99BE60D05FF9}.Unity|Any CPU.ActiveCfg = Release|Any CPU
		{8BE22FD5-6D33-4A1F-A308-99BE60D05FF9}.Unity|Any CPU.Build.0 = Release|Any CPU
		{8BE22FD5-6D33-4A1F-A308-99BE60D05FF9}.Unity|Mixed Platforms.ActiveCfg = Release|Any CPU
		{8BE22FD5-6D33-4A1F-A308-99BE60D05FF9}.Unity|Mixed Platforms.Build.0 = Release|Any CPU
		{8BE22FD5-6D33-4A1F-A308-99BE60D05FF9}.Unity|Win32.ActiveCfg = Release|Any CPU
		{8BE22FD5-6D33-4A1F-A308-99BE60D05FF9}.Unity|x64.ActiveCfg = Release|Any CPU
		{8BE22FD5-6D33-4A1F-A308-99BE60D05FF9}.Unity|x86.ActiveCfg = Release|Any CPU
	EndGlobalSection
	GlobalSection(SolutionProperties) = preSolution
		HideSolutionNode = FALSE
	EndGlobalSection
EndGlobal
